
Microsoft Visual Studio Solution File, Format Version 12.00
# Visual Studio Version 17
VisualStudioVersion = 17.10.35122.118
MinimumVisualStudioVersion = 10.0.40219.1
Project("{FAE04EC0-301F-11D3-BF4B-00C04F79EFBC}") = "STX.EFxceptions.PostgreSQL", "STX.EFxceptions.PostgreSQL\STX.EFxceptions.PostgreSQL.csproj", "{26180647-8941-4BDB-8B14-C9F9C50B8F32}"
EndProject
Global
	GlobalSection(SolutionConfigurationPlatforms) = preSolution
		Debug|Any CPU = Debug|Any CPU
		Release|Any CPU = Release|Any CPU
	EndGlobalSection
	GlobalSection(ProjectConfigurationPlatforms) = postSolution
		{26180647-8941-4BDB-8B14-C9F9C50B8F32}.Debug|Any CPU.ActiveCfg = Debug|Any CPU
		{26180647-8941-4BDB-8B14-C9F9C50B8F32}.Debug|Any CPU.Build.0 = Debug|Any CPU
		{26180647-8941-4BDB-8B14-C9F9C50B8F32}.Release|Any CPU.ActiveCfg = Release|Any CPU
		{26180647-8941-4BDB-8B14-C9F9C50B8F32}.Release|Any CPU.Build.0 = Release|Any CPU
	EndGlobalSection
	GlobalSection(SolutionProperties) = preSolution
		HideSolutionNode = FALSE
	EndGlobalSection
	GlobalSection(ExtensibilityGlobals) = postSolution
		SolutionGuid = {750E56BC-8E91-4941-BB89-252A687E9CE1}
	EndGlobalSection
EndGlobal
