
Microsoft Visual Studio Solution File, Format Version 12.00
# Visual Studio Version 17
VisualStudioVersion = 17.10.35122.118
MinimumVisualStudioVersion = 10.0.40219.1
Project("{9A19103F-16F7-4668-BE54-9A1E7A4F7556}") = "STX.EFxceptions.PostgreSQL", "STX.EFxceptions.PostgreSQL\STX.EFxceptions.PostgreSQL.csproj", "{26180647-8941-4BDB-8B14-C9F9C50B8F32}"
EndProject
Project("{9A19103F-16F7-4668-BE54-9A1E7A4F7556}") = "STX.EFxceptions.PostgreSQL.Base", "STX.EFxceptions.PostgreSQL.Base\STX.EFxceptions.PostgreSQL.Base.csproj", "{49BA334B-1DE9-434E-894D-3D6719B6CA6A}"
EndProject
Project("{9A19103F-16F7-4668-BE54-9A1E7A4F7556}") = "STX.EFxceptions.Identity.PostgreSQL", "STX.EFxceptions.Identity.PostgreSQL\STX.EFxceptions.Identity.PostgreSQL.csproj", "{103341DD-2B2F-4A1C-84AF-137837569FE9}"
EndProject
Project("{FAE04EC0-301F-11D3-BF4B-00C04F79EFBC}") = "STX.EFxceptions.PostgreSQL.Base.Tests.Unit", "STX.EFxceptions.PostgreSQL.Base.Tests.Unit\STX.EFxceptions.PostgreSQL.Base.Tests.Unit.csproj", "{5919291F-BE69-44AB-A0CF-9F555656CDF7}"
EndProject
Project("{FAE04EC0-301F-11D3-BF4B-00C04F79EFBC}") = "STX.EFxceptions.PostgreSQL.Tests.Acceptance", "STX.EFxceptions.PostgreSQL.Tests.Acceptance\STX.EFxceptions.PostgreSQL.Tests.Acceptance.csproj", "{E8F4E849-EC1B-49B4-BE19-8C7A7C36C25A}"
EndProject
Global
	GlobalSection(SolutionConfigurationPlatforms) = preSolution
		Debug|Any CPU = Debug|Any CPU
		Release|Any CPU = Release|Any CPU
	EndGlobalSection
	GlobalSection(ProjectConfigurationPlatforms) = postSolution
		{26180647-8941-4BDB-8B14-C9F9C50B8F32}.Debug|Any CPU.ActiveCfg = Debug|Any CPU
		{26180647-8941-4BDB-8B14-C9F9C50B8F32}.Debug|Any CPU.Build.0 = Debug|Any CPU
		{26180647-8941-4BDB-8B14-C9F9C50B8F32}.Release|Any CPU.ActiveCfg = Release|Any CPU
		{26180647-8941-4BDB-8B14-C9F9C50B8F32}.Release|Any CPU.Build.0 = Release|Any CPU
		{49BA334B-1DE9-434E-894D-3D6719B6CA6A}.Debug|Any CPU.ActiveCfg = Debug|Any CPU
		{49BA334B-1DE9-434E-894D-3D6719B6CA6A}.Debug|Any CPU.Build.0 = Debug|Any CPU
		{49BA334B-1DE9-434E-894D-3D6719B6CA6A}.Release|Any CPU.ActiveCfg = Release|Any CPU
		{49BA334B-1DE9-434E-894D-3D6719B6CA6A}.Release|Any CPU.Build.0 = Release|Any CPU
		{103341DD-2B2F-4A1C-84AF-137837569FE9}.Debug|Any CPU.ActiveCfg = Debug|Any CPU
		{103341DD-2B2F-4A1C-84AF-137837569FE9}.Debug|Any CPU.Build.0 = Debug|Any CPU
		{103341DD-2B2F-4A1C-84AF-137837569FE9}.Release|Any CPU.ActiveCfg = Release|Any CPU
		{103341DD-2B2F-4A1C-84AF-137837569FE9}.Release|Any CPU.Build.0 = Release|Any CPU
		{5919291F-BE69-44AB-A0CF-9F555656CDF7}.Debug|Any CPU.ActiveCfg = Debug|Any CPU
		{5919291F-BE69-44AB-A0CF-9F555656CDF7}.Debug|Any CPU.Build.0 = Debug|Any CPU
		{5919291F-BE69-44AB-A0CF-9F555656CDF7}.Release|Any CPU.ActiveCfg = Release|Any CPU
		{5919291F-BE69-44AB-A0CF-9F555656CDF7}.Release|Any CPU.Build.0 = Release|Any CPU
		{E8F4E849-EC1B-49B4-BE19-8C7A7C36C25A}.Debug|Any CPU.ActiveCfg = Debug|Any CPU
		{E8F4E849-EC1B-49B4-BE19-8C7A7C36C25A}.Debug|Any CPU.Build.0 = Debug|Any CPU
		{E8F4E849-EC1B-49B4-BE19-8C7A7C36C25A}.Release|Any CPU.ActiveCfg = Release|Any CPU
		{E8F4E849-EC1B-49B4-BE19-8C7A7C36C25A}.Release|Any CPU.Build.0 = Release|Any CPU
	EndGlobalSection
	GlobalSection(SolutionProperties) = preSolution
		HideSolutionNode = FALSE
	EndGlobalSection
	GlobalSection(ExtensibilityGlobals) = postSolution
		SolutionGuid = {750E56BC-8E91-4941-BB89-252A687E9CE1}
	EndGlobalSection
EndGlobal
